
Microsoft Visual Studio Solution File, Format Version 12.00
# Visual Studio Version 17
VisualStudioVersion = 17.10.35027.167
MinimumVisualStudioVersion = 10.0.40219.1
Project("{9A19103F-16F7-4668-BE54-9A1E7A4F7556}") = "IndicatorBot", "src\IndicatorBot.csproj", "{12B02911-FC85-4BC2-8482-657002B1E342}"
EndProject
Global
	GlobalSection(SolutionConfigurationPlatforms) = preSolution
		Debug|Any CPU = Debug|Any CPU
		Release|Any CPU = Release|Any CPU
	EndGlobalSection
	GlobalSection(ProjectConfigurationPlatforms) = postSolution
		{12B02911-FC85-4BC2-8482-657002B1E342}.Debug|Any CPU.ActiveCfg = Debug|Any CPU
		{12B02911-FC85-4BC2-8482-657002B1E342}.Debug|Any CPU.Build.0 = Debug|Any CPU
		{12B02911-FC85-4BC2-8482-657002B1E342}.Release|Any CPU.ActiveCfg = Release|Any CPU
		{12B02911-FC85-4BC2-8482-657002B1E342}.Release|Any CPU.Build.0 = Release|Any CPU
	EndGlobalSection
	GlobalSection(SolutionProperties) = preSolution
		HideSolutionNode = FALSE
	EndGlobalSection
	GlobalSection(ExtensibilityGlobals) = postSolution
		SolutionGuid = {E3BD813A-2EDF-4E01-B483-19EEC684A8E2}
	EndGlobalSection
EndGlobal
